
Microsoft Visual Studio Solution File, Format Version 12.00
# Visual Studio Version 17
VisualStudioVersion = 17.4.33110.190
MinimumVisualStudioVersion = 10.0.40219.1
Project("{2150E333-8FDC-42A3-9474-1A3956D46DE8}") = "Services", "Services", "{5C4532CD-9F68-472B-8569-45EF36DD04F4}"
EndProject
Project("{9A19103F-16F7-4668-BE54-9A1E7A4F7556}") = "Ecommerce.Services.CouponAPI", "Ecommerce.Services.CouponAPI\Ecommerce.Services.CouponAPI.csproj", "{33D77DA5-A812-4148-B78F-058C5FA27D13}"
EndProject
Project("{2150E333-8FDC-42A3-9474-1A3956D46DE8}") = "FrontEnd", "FrontEnd", "{6CA8C690-CD1F-4EE4-99E5-0A1FA3FBF0D9}"
EndProject
Project("{9A19103F-16F7-4668-BE54-9A1E7A4F7556}") = "Ecommerce.Web", "Ecommerce.Web\Ecommerce.Web.csproj", "{2EEFBCFE-4E49-4A8C-AE4B-9AE767093220}"
EndProject
Project("{9A19103F-16F7-4668-BE54-9A1E7A4F7556}") = "Ecommerce.Services.AuthAPI", "Ecommerce.Services.AuthAPI\Ecommerce.Services.AuthAPI.csproj", "{5DD33F33-E08C-43C9-835F-9249608F1DD3}"
EndProject
Project("{FAE04EC0-301F-11D3-BF4B-00C04F79EFBC}") = "Ecommerce.Services.ProductAPI", "Ecommerce.Services.ProductAPI\Ecommerce.Services.ProductAPI.csproj", "{44B43E8F-C001-4B81-B17E-291674733D31}"
EndProject
Global
	GlobalSection(SolutionConfigurationPlatforms) = preSolution
		Debug|Any CPU = Debug|Any CPU
		Release|Any CPU = Release|Any CPU
	EndGlobalSection
	GlobalSection(ProjectConfigurationPlatforms) = postSolution
		{33D77DA5-A812-4148-B78F-058C5FA27D13}.Debug|Any CPU.ActiveCfg = Debug|Any CPU
		{33D77DA5-A812-4148-B78F-058C5FA27D13}.Debug|Any CPU.Build.0 = Debug|Any CPU
		{33D77DA5-A812-4148-B78F-058C5FA27D13}.Release|Any CPU.ActiveCfg = Release|Any CPU
		{33D77DA5-A812-4148-B78F-058C5FA27D13}.Release|Any CPU.Build.0 = Release|Any CPU
		{2EEFBCFE-4E49-4A8C-AE4B-9AE767093220}.Debug|Any CPU.ActiveCfg = Debug|Any CPU
		{2EEFBCFE-4E49-4A8C-AE4B-9AE767093220}.Debug|Any CPU.Build.0 = Debug|Any CPU
		{2EEFBCFE-4E49-4A8C-AE4B-9AE767093220}.Release|Any CPU.ActiveCfg = Release|Any CPU
		{2EEFBCFE-4E49-4A8C-AE4B-9AE767093220}.Release|Any CPU.Build.0 = Release|Any CPU
		{5DD33F33-E08C-43C9-835F-9249608F1DD3}.Debug|Any CPU.ActiveCfg = Debug|Any CPU
		{5DD33F33-E08C-43C9-835F-9249608F1DD3}.Debug|Any CPU.Build.0 = Debug|Any CPU
		{5DD33F33-E08C-43C9-835F-9249608F1DD3}.Release|Any CPU.ActiveCfg = Release|Any CPU
		{5DD33F33-E08C-43C9-835F-9249608F1DD3}.Release|Any CPU.Build.0 = Release|Any CPU
		{44B43E8F-C001-4B81-B17E-291674733D31}.Debug|Any CPU.ActiveCfg = Debug|Any CPU
		{44B43E8F-C001-4B81-B17E-291674733D31}.Debug|Any CPU.Build.0 = Debug|Any CPU
		{44B43E8F-C001-4B81-B17E-291674733D31}.Release|Any CPU.ActiveCfg = Release|Any CPU
		{44B43E8F-C001-4B81-B17E-291674733D31}.Release|Any CPU.Build.0 = Release|Any CPU
	EndGlobalSection
	GlobalSection(SolutionProperties) = preSolution
		HideSolutionNode = FALSE
	EndGlobalSection
	GlobalSection(NestedProjects) = preSolution
		{33D77DA5-A812-4148-B78F-058C5FA27D13} = {5C4532CD-9F68-472B-8569-45EF36DD04F4}
		{2EEFBCFE-4E49-4A8C-AE4B-9AE767093220} = {6CA8C690-CD1F-4EE4-99E5-0A1FA3FBF0D9}
		{5DD33F33-E08C-43C9-835F-9249608F1DD3} = {5C4532CD-9F68-472B-8569-45EF36DD04F4}
		{44B43E8F-C001-4B81-B17E-291674733D31} = {5C4532CD-9F68-472B-8569-45EF36DD04F4}
	EndGlobalSection
	GlobalSection(ExtensibilityGlobals) = postSolution
		SolutionGuid = {83509E37-AF4D-46DE-ADFD-737DDB391D0E}
	EndGlobalSection
EndGlobal
